
Microsoft Visual Studio Solution File, Format Version 12.00
# Visual Studio Version 17
VisualStudioVersion = 17.0.31903.59
MinimumVisualStudioVersion = 10.0.40219.1
Project("{FAE04EC0-301F-11D3-BF4B-00C04F79EFBC}") = "BowlPoolManager.Client", "BowlPoolManager.Client\BowlPoolManager.Client.csproj", "{152BD686-BEDF-47EC-9AF3-B9EA39731D37}"
EndProject
Project("{FAE04EC0-301F-11D3-BF4B-00C04F79EFBC}") = "BowlPoolManager.Core", "BowlPoolManager.Core\BowlPoolManager.Core.csproj", "{CE34464A-7E09-41F4-B119-7273B386FCDB}"
EndProject
Project("{FAE04EC0-301F-11D3-BF4B-00C04F79EFBC}") = "BowlPoolManager.Api", "BowlPoolManager.Api\BowlPoolManager.Api.csproj", "{3344E3ED-7097-417E-B3C8-D2A13EEEDED8}"
EndProject
Project("{FAE04EC0-301F-11D3-BF4B-00C04F79EFBC}") = "BowlPoolManager.Tests", "BowlPoolManager.Tests\BowlPoolManager.Tests.csproj", "{916B2A35-D8C0-4308-8A22-273FF04E20B5}"
EndProject
Global
	GlobalSection(SolutionConfigurationPlatforms) = preSolution
		Debug|Any CPU = Debug|Any CPU
		Release|Any CPU = Release|Any CPU
	EndGlobalSection
	GlobalSection(SolutionProperties) = preSolution
		HideSolutionNode = FALSE
	EndGlobalSection
	GlobalSection(ProjectConfigurationPlatforms) = postSolution
		{152BD686-BEDF-47EC-9AF3-B9EA39731D37}.Debug|Any CPU.ActiveCfg = Debug|Any CPU
		{152BD686-BEDF-47EC-9AF3-B9EA39731D37}.Debug|Any CPU.Build.0 = Debug|Any CPU
		{152BD686-BEDF-47EC-9AF3-B9EA39731D37}.Release|Any CPU.ActiveCfg = Release|Any CPU
		{152BD686-BEDF-47EC-9AF3-B9EA39731D37}.Release|Any CPU.Build.0 = Release|Any CPU
		{CE34464A-7E09-41F4-B119-7273B386FCDB}.Debug|Any CPU.ActiveCfg = Debug|Any CPU
		{CE34464A-7E09-41F4-B119-7273B386FCDB}.Debug|Any CPU.Build.0 = Debug|Any CPU
		{CE34464A-7E09-41F4-B119-7273B386FCDB}.Release|Any CPU.ActiveCfg = Release|Any CPU
		{CE34464A-7E09-41F4-B119-7273B386FCDB}.Release|Any CPU.Build.0 = Release|Any CPU
		{3344E3ED-7097-417E-B3C8-D2A13EEEDED8}.Debug|Any CPU.ActiveCfg = Debug|Any CPU
		{3344E3ED-7097-417E-B3C8-D2A13EEEDED8}.Debug|Any CPU.Build.0 = Debug|Any CPU
		{3344E3ED-7097-417E-B3C8-D2A13EEEDED8}.Release|Any CPU.ActiveCfg = Release|Any CPU
		{3344E3ED-7097-417E-B3C8-D2A13EEEDED8}.Release|Any CPU.Build.0 = Release|Any CPU
		{916B2A35-D8C0-4308-8A22-273FF04E20B5}.Debug|Any CPU.ActiveCfg = Debug|Any CPU
		{916B2A35-D8C0-4308-8A22-273FF04E20B5}.Debug|Any CPU.Build.0 = Debug|Any CPU
		{916B2A35-D8C0-4308-8A22-273FF04E20B5}.Release|Any CPU.ActiveCfg = Release|Any CPU
		{916B2A35-D8C0-4308-8A22-273FF04E20B5}.Release|Any CPU.Build.0 = Release|Any CPU
	EndGlobalSection
EndGlobal
